// !$*UTF8*$!
{
	archiveVersion = 1;
	classes = {
	};
	objectVersion = 77;
	objects = {

/* Begin PBXBuildFile section */
		C125E4722F984A87009F2025 /* AccountView.swift in Sources */ = {isa = PBXBuildFile; fileRef = C125E46B2F984A87009F2025 /* AccountView.swift */; };
		C125E4732F984A87009F2025 /* AppetizerListView.swift in Sources */ = {isa = PBXBuildFile; fileRef = C125E46C2F984A87009F2025 /* AppetizerListView.swift */; };
		C125E4742F984A87009F2025 /* AppetizersApp.swift in Sources */ = {isa = PBXBuildFile; fileRef = C125E46D2F984A87009F2025 /* AppetizersApp.swift */; };
		C125E4752F984A87009F2025 /* AppetizerTabView.swift in Sources */ = {isa = PBXBuildFile; fileRef = C125E46E2F984A87009F2025 /* AppetizerTabView.swift */; };
		C125E4762F984A87009F2025 /* OrderView.swift in Sources */ = {isa = PBXBuildFile; fileRef = C125E4702F984A87009F2025 /* OrderView.swift */; };
		C125E4772F984A87009F2025 /* Assets.xcassets in Resources */ = {isa = PBXBuildFile; fileRef = C125E46F2F984A87009F2025 /* Assets.xcassets */; };
		C1584ED92F99725400956E7F /* Appetizer.swift in Sources */ = {isa = PBXBuildFile; fileRef = C1584ED82F99725400956E7F /* Appetizer.swift */; };
		C1584EDF2F9986D600956E7F /* AppetizerListCell.swift in Sources */ = {isa = PBXBuildFile; fileRef = C1584EDE2F9986D600956E7F /* AppetizerListCell.swift */; };
		C1584EE12F9987A800956E7F /* NetworkManager.swift in Sources */ = {isa = PBXBuildFile; fileRef = C1584EE02F9987A800956E7F /* NetworkManager.swift */; };
		C1584EE32F99887800956E7F /* APError.swift in Sources */ = {isa = PBXBuildFile; fileRef = C1584EE22F99887800956E7F /* APError.swift */; };
		C1584EE52F9995A400956E7F /* AppetizerListViewModel.swift in Sources */ = {isa = PBXBuildFile; fileRef = C1584EE42F9995A400956E7F /* AppetizerListViewModel.swift */; };
		C1C953C92F9C31150046DB5F /* AppetizerDetailView.swift in Sources */ = {isa = PBXBuildFile; fileRef = C1C953C82F9C31150046DB5F /* AppetizerDetailView.swift */; };
		C1C953CC2F9C3DC50046DB5F /* APButton.swift in Sources */ = {isa = PBXBuildFile; fileRef = C1C953CB2F9C3DC50046DB5F /* APButton.swift */; };
		C1C953CE2F9C3E950046DB5F /* XDismissButton.swift in Sources */ = {isa = PBXBuildFile; fileRef = C1C953CD2F9C3E950046DB5F /* XDismissButton.swift */; };
		C1C953D02F9C474A0046DB5F /* AccountViewModel.swift in Sources */ = {isa = PBXBuildFile; fileRef = C1C953CF2F9C474A0046DB5F /* AccountViewModel.swift */; };
		C1C953D22F9C49660046DB5F /* String+Ext.swift in Sources */ = {isa = PBXBuildFile; fileRef = C1C953D12F9C49660046DB5F /* String+Ext.swift */; };
		C1E2E4C72F9D5B2F005D573F /* User.swift in Sources */ = {isa = PBXBuildFile; fileRef = C1E2E4C62F9D5B2F005D573F /* User.swift */; };
		C1E2E4C92F9D5F1E005D573F /* Order.swift in Sources */ = {isa = PBXBuildFile; fileRef = C1E2E4C82F9D5F1E005D573F /* Order.swift */; };
		C1E2E4CC2F9D70B3005D573F /* EmptyState.swift in Sources */ = {isa = PBXBuildFile; fileRef = C1E2E4CB2F9D70B3005D573F /* EmptyState.swift */; };
		C1E2E4CE2F9D8426005D573F /* CustomModifiers.swift in Sources */ = {isa = PBXBuildFile; fileRef = C1E2E4CD2F9D8426005D573F /* CustomModifiers.swift */; };
		C1E2E4D22F9EA161005D573F /* Date+Ext.swift in Sources */ = {isa = PBXBuildFile; fileRef = C1E2E4D12F9EA161005D573F /* Date+Ext.swift */; };
		C1E40BD12F9AAB4F00578B4E /* Alert.swift in Sources */ = {isa = PBXBuildFile; fileRef = C1E40BD02F9AAB4F00578B4E /* Alert.swift */; };
		C1E40BD32F9AB17E00578B4E /* LoadingView.swift in Sources */ = {isa = PBXBuildFile; fileRef = C1E40BD22F9AB17E00578B4E /* LoadingView.swift */; };
		C1E40BD72F9ABC2500578B4E /* RemoteImage.swift in Sources */ = {isa = PBXBuildFile; fileRef = C1E40BD62F9ABC2500578B4E /* RemoteImage.swift */; };
/* End PBXBuildFile section */

/* Begin PBXFileReference section */
		C125E4552F984943009F2025 /* Appetizers.app */ = {isa = PBXFileReference; explicitFileType = wrapper.application; includeInIndex = 0; path = Appetizers.app; sourceTree = BUILT_PRODUCTS_DIR; };
		C125E46B2F984A87009F2025 /* AccountView.swift */ = {isa = PBXFileReference; lastKnownFileType = sourcecode.swift; path = AccountView.swift; sourceTree = "<group>"; };
		C125E46C2F984A87009F2025 /* AppetizerListView.swift */ = {isa = PBXFileReference; lastKnownFileType = sourcecode.swift; path = AppetizerListView.swift; sourceTree = "<group>"; };
		C125E46D2F984A87009F2025 /* AppetizersApp.swift */ = {isa = PBXFileReference; lastKnownFileType = sourcecode.swift; path = AppetizersApp.swift; sourceTree = "<group>"; };
		C125E46E2F984A87009F2025 /* AppetizerTabView.swift */ = {isa = PBXFileReference; lastKnownFileType = sourcecode.swift; path = AppetizerTabView.swift; sourceTree = "<group>"; };
		C125E46F2F984A87009F2025 /* Assets.xcassets */ = {isa = PBXFileReference; lastKnownFileType = folder.assetcatalog; path = Assets.xcassets; sourceTree = "<group>"; };
		C125E4702F984A87009F2025 /* OrderView.swift */ = {isa = PBXFileReference; lastKnownFileType = sourcecode.swift; path = OrderView.swift; sourceTree = "<group>"; };
		C1584ED82F99725400956E7F /* Appetizer.swift */ = {isa = PBXFileReference; lastKnownFileType = sourcecode.swift; path = Appetizer.swift; sourceTree = "<group>"; };
		C1584EDE2F9986D600956E7F /* AppetizerListCell.swift */ = {isa = PBXFileReference; lastKnownFileType = sourcecode.swift; path = AppetizerListCell.swift; sourceTree = "<group>"; };
		C1584EE02F9987A800956E7F /* NetworkManager.swift */ = {isa = PBXFileReference; lastKnownFileType = sourcecode.swift; path = NetworkManager.swift; sourceTree = "<group>"; };
		C1584EE22F99887800956E7F /* APError.swift */ = {isa = PBXFileReference; lastKnownFileType = sourcecode.swift; path = APError.swift; sourceTree = "<group>"; };
		C1584EE42F9995A400956E7F /* AppetizerListViewModel.swift */ = {isa = PBXFileReference; lastKnownFileType = sourcecode.swift; path = AppetizerListViewModel.swift; sourceTree = "<group>"; };
		C1C953C82F9C31150046DB5F /* AppetizerDetailView.swift */ = {isa = PBXFileReference; lastKnownFileType = sourcecode.swift; path = AppetizerDetailView.swift; sourceTree = "<group>"; };
		C1C953CB2F9C3DC50046DB5F /* APButton.swift */ = {isa = PBXFileReference; lastKnownFileType = sourcecode.swift; path = APButton.swift; sourceTree = "<group>"; };
		C1C953CD2F9C3E950046DB5F /* XDismissButton.swift */ = {isa = PBXFileReference; lastKnownFileType = sourcecode.swift; path = XDismissButton.swift; sourceTree = "<group>"; };
		C1C953CF2F9C474A0046DB5F /* AccountViewModel.swift */ = {isa = PBXFileReference; lastKnownFileType = sourcecode.swift; path = AccountViewModel.swift; sourceTree = "<group>"; };
		C1C953D12F9C49660046DB5F /* String+Ext.swift */ = {isa = PBXFileReference; lastKnownFileType = sourcecode.swift; path = "String+Ext.swift"; sourceTree = "<group>"; };
		C1E2E4C62F9D5B2F005D573F /* User.swift */ = {isa = PBXFileReference; lastKnownFileType = sourcecode.swift; path = User.swift; sourceTree = "<group>"; };
		C1E2E4C82F9D5F1E005D573F /* Order.swift */ = {isa = PBXFileReference; lastKnownFileType = sourcecode.swift; path = Order.swift; sourceTree = "<group>"; };
		C1E2E4CB2F9D70B3005D573F /* EmptyState.swift */ = {isa = PBXFileReference; lastKnownFileType = sourcecode.swift; path = EmptyState.swift; sourceTree = "<group>"; };
		C1E2E4CD2F9D8426005D573F /* CustomModifiers.swift */ = {isa = PBXFileReference; lastKnownFileType = sourcecode.swift; path = CustomModifiers.swift; sourceTree = "<group>"; };
		C1E2E4D12F9EA161005D573F /* Date+Ext.swift */ = {isa = PBXFileReference; lastKnownFileType = sourcecode.swift; path = "Date+Ext.swift"; sourceTree = "<group>"; };
		C1E40BD02F9AAB4F00578B4E /* Alert.swift */ = {isa = PBXFileReference; lastKnownFileType = sourcecode.swift; path = Alert.swift; sourceTree = "<group>"; };
		C1E40BD22F9AB17E00578B4E /* LoadingView.swift */ = {isa = PBXFileReference; lastKnownFileType = sourcecode.swift; path = LoadingView.swift; sourceTree = "<group>"; };
		C1E40BD62F9ABC2500578B4E /* RemoteImage.swift */ = {isa = PBXFileReference; lastKnownFileType = sourcecode.swift; path = RemoteImage.swift; sourceTree = "<group>"; };
/* End PBXFileReference section */

/* Begin PBXFrameworksBuildPhase section */
		C125E4522F984943009F2025 /* Frameworks */ = {
			isa = PBXFrameworksBuildPhase;
			buildActionMask = 2147483647;
			files = (
			);
			runOnlyForDeploymentPostprocessing = 0;
		};
/* End PBXFrameworksBuildPhase section */

/* Begin PBXGroup section */
		C125E44C2F984943009F2025 = {
			isa = PBXGroup;
			children = (
				C125E4712F984A87009F2025 /* Appetizers */,
				C125E4562F984943009F2025 /* Products */,
			);
			sourceTree = "<group>";
		};
		C125E4562F984943009F2025 /* Products */ = {
			isa = PBXGroup;
			children = (
				C125E4552F984943009F2025 /* Appetizers.app */,
			);
			name = Products;
			sourceTree = "<group>";
		};
		C125E4712F984A87009F2025 /* Appetizers */ = {
			isa = PBXGroup;
			children = (
				C125E46D2F984A87009F2025 /* AppetizersApp.swift */,
				C1E40BD92F9AC29200578B4E /* Screens */,
				C1E40BE22F9AC42B00578B4E /* Views */,
				C1E40BDD2F9AC29600578B4E /* Utilities */,
				C1E40BDE2F9AC29600578B4E /* Model */,
				C125E46F2F984A87009F2025 /* Assets.xcassets */,
			);
			path = Appetizers;
			sourceTree = "<group>";
		};
		C1C953CA2F9C3DBB0046DB5F /* Buttons */ = {
			isa = PBXGroup;
			children = (
				C1C953CB2F9C3DC50046DB5F /* APButton.swift */,
				C1C953CD2F9C3E950046DB5F /* XDismissButton.swift */,
			);
			path = Buttons;
			sourceTree = "<group>";
		};
		C1E2E4CA2F9D709B005D573F /* Empty States */ = {
			isa = PBXGroup;
			children = (
				C1E2E4CB2F9D70B3005D573F /* EmptyState.swift */,
			);
			path = "Empty States";
			sourceTree = "<group>";
		};
		C1E40BD82F9AC28600578B4E /* AppetizerListView */ = {
			isa = PBXGroup;
			children = (
				C125E46C2F984A87009F2025 /* AppetizerListView.swift */,
				C1584EE42F9995A400956E7F /* AppetizerListViewModel.swift */,
				C1C953C82F9C31150046DB5F /* AppetizerDetailView.swift */,
			);
			path = AppetizerListView;
			sourceTree = "<group>";
		};
		C1E40BD92F9AC29200578B4E /* Screens */ = {
			isa = PBXGroup;
			children = (
				C125E46E2F984A87009F2025 /* AppetizerTabView.swift */,
				C1E40BD82F9AC28600578B4E /* AppetizerListView */,
				C1E40BDB2F9AC29600578B4E /* AccountView */,
				C1E40BDA2F9AC29500578B4E /* OrderView */,
			);
			path = Screens;
			sourceTree = "<group>";
		};
		C1E40BDA2F9AC29500578B4E /* OrderView */ = {
			isa = PBXGroup;
			children = (
				C125E4702F984A87009F2025 /* OrderView.swift */,
			);
			path = OrderView;
			sourceTree = "<group>";
		};
		C1E40BDB2F9AC29600578B4E /* AccountView */ = {
			isa = PBXGroup;
			children = (
				C125E46B2F984A87009F2025 /* AccountView.swift */,
				C1C953CF2F9C474A0046DB5F /* AccountViewModel.swift */,
			);
			path = AccountView;
			sourceTree = "<group>";
		};
		C1E40BDC2F9AC29600578B4E /* Alerts */ = {
			isa = PBXGroup;
			children = (
				C1584EE22F99887800956E7F /* APError.swift */,
				C1E40BD02F9AAB4F00578B4E /* Alert.swift */,
			);
			path = Alerts;
			sourceTree = "<group>";
		};
		C1E40BDD2F9AC29600578B4E /* Utilities */ = {
			isa = PBXGroup;
			children = (
				C1E40BDC2F9AC29600578B4E /* Alerts */,
				C1E40BDF2F9AC3C800578B4E /* Extensions */,
				C1E40BE02F9AC3C800578B4E /* Managers */,
			);
			path = Utilities;
			sourceTree = "<group>";
		};
		C1E40BDE2F9AC29600578B4E /* Model */ = {
			isa = PBXGroup;
			children = (
				C1584ED82F99725400956E7F /* Appetizer.swift */,
				C1E2E4C62F9D5B2F005D573F /* User.swift */,
				C1E2E4C82F9D5F1E005D573F /* Order.swift */,
			);
			path = Model;
			sourceTree = "<group>";
		};
		C1E40BDF2F9AC3C800578B4E /* Extensions */ = {
			isa = PBXGroup;
			children = (
				C1C953D12F9C49660046DB5F /* String+Ext.swift */,
				C1E2E4D12F9EA161005D573F /* Date+Ext.swift */,
			);
			path = Extensions;
			sourceTree = "<group>";
		};
		C1E40BE02F9AC3C800578B4E /* Managers */ = {
			isa = PBXGroup;
			children = (
				C1584EE02F9987A800956E7F /* NetworkManager.swift */,
			);
			path = Managers;
			sourceTree = "<group>";
		};
		C1E40BE22F9AC42B00578B4E /* Views */ = {
			isa = PBXGroup;
			children = (
				C1E2E4CA2F9D709B005D573F /* Empty States */,
				C1E40BE42F9AC43600578B4E /* Image */,
				C1E40BE52F9AC45600578B4E /* Cells */,
				C1E40BE32F9AC43500578B4E /* UIKit Components */,
				C1C953CA2F9C3DBB0046DB5F /* Buttons */,
				C1E2E4CD2F9D8426005D573F /* CustomModifiers.swift */,
			);
			path = Views;
			sourceTree = "<group>";
		};
		C1E40BE32F9AC43500578B4E /* UIKit Components */ = {
			isa = PBXGroup;
			children = (
				C1E40BD22F9AB17E00578B4E /* LoadingView.swift */,
			);
			path = "UIKit Components";
			sourceTree = "<group>";
		};
		C1E40BE42F9AC43600578B4E /* Image */ = {
			isa = PBXGroup;
			children = (
				C1E40BD62F9ABC2500578B4E /* RemoteImage.swift */,
			);
			path = Image;
			sourceTree = "<group>";
		};
		C1E40BE52F9AC45600578B4E /* Cells */ = {
			isa = PBXGroup;
			children = (
				C1584EDE2F9986D600956E7F /* AppetizerListCell.swift */,
			);
			path = Cells;
			sourceTree = "<group>";
		};
/* End PBXGroup section */

/* Begin PBXNativeTarget section */
		C125E4542F984943009F2025 /* Appetizers */ = {
			isa = PBXNativeTarget;
			buildConfigurationList = C125E4602F984944009F2025 /* Build configuration list for PBXNativeTarget "Appetizers" */;
			buildPhases = (
				C125E4512F984943009F2025 /* Sources */,
				C125E4522F984943009F2025 /* Frameworks */,
				C125E4532F984943009F2025 /* Resources */,
			);
			buildRules = (
			);
			dependencies = (
			);
			name = Appetizers;
			packageProductDependencies = (
			);
			productName = Appetizers;
			productReference = C125E4552F984943009F2025 /* Appetizers.app */;
			productType = "com.apple.product-type.application";
		};
/* End PBXNativeTarget section */

/* Begin PBXProject section */
		C125E44D2F984943009F2025 /* Project object */ = {
			isa = PBXProject;
			attributes = {
				BuildIndependentTargetsInParallel = 1;
				LastSwiftUpdateCheck = 2620;
				LastUpgradeCheck = 2620;
				TargetAttributes = {
					C125E4542F984943009F2025 = {
						CreatedOnToolsVersion = 26.2;
					};
				};
			};
			buildConfigurationList = C125E4502F984943009F2025 /* Build configuration list for PBXProject "Appetizers" */;
			developmentRegion = en;
			hasScannedForEncodings = 0;
			knownRegions = (
				en,
				Base,
			);
			mainGroup = C125E44C2F984943009F2025;
			minimizedProjectReferenceProxies = 1;
			preferredProjectObjectVersion = 77;
			productRefGroup = C125E4562F984943009F2025 /* Products */;
			projectDirPath = "";
			projectRoot = "";
			targets = (
				C125E4542F984943009F2025 /* Appetizers */,
			);
		};
/* End PBXProject section */

/* Begin PBXResourcesBuildPhase section */
		C125E4532F984943009F2025 /* Resources */ = {
			isa = PBXResourcesBuildPhase;
			buildActionMask = 2147483647;
			files = (
				C125E4772F984A87009F2025 /* Assets.xcassets in Resources */,
			);
			runOnlyForDeploymentPostprocessing = 0;
		};
/* End PBXResourcesBuildPhase section */

/* Begin PBXSourcesBuildPhase section */
		C125E4512F984943009F2025 /* Sources */ = {
			isa = PBXSourcesBuildPhase;
			buildActionMask = 2147483647;
			files = (
				C1C953D22F9C49660046DB5F /* String+Ext.swift in Sources */,
				C1584ED92F99725400956E7F /* Appetizer.swift in Sources */,
				C1584EE32F99887800956E7F /* APError.swift in Sources */,
				C1584EDF2F9986D600956E7F /* AppetizerListCell.swift in Sources */,
				C1E2E4D22F9EA161005D573F /* Date+Ext.swift in Sources */,
				C1C953CC2F9C3DC50046DB5F /* APButton.swift in Sources */,
				C1584EE52F9995A400956E7F /* AppetizerListViewModel.swift in Sources */,
				C1E2E4C92F9D5F1E005D573F /* Order.swift in Sources */,
				C125E4722F984A87009F2025 /* AccountView.swift in Sources */,
				C1E40BD32F9AB17E00578B4E /* LoadingView.swift in Sources */,
				C1E2E4CE2F9D8426005D573F /* CustomModifiers.swift in Sources */,
				C1E40BD72F9ABC2500578B4E /* RemoteImage.swift in Sources */,
				C125E4732F984A87009F2025 /* AppetizerListView.swift in Sources */,
				C1C953C92F9C31150046DB5F /* AppetizerDetailView.swift in Sources */,
				C1584EE12F9987A800956E7F /* NetworkManager.swift in Sources */,
				C125E4742F984A87009F2025 /* AppetizersApp.swift in Sources */,
				C1E40BD12F9AAB4F00578B4E /* Alert.swift in Sources */,
				C1E2E4CC2F9D70B3005D573F /* EmptyState.swift in Sources */,
				C125E4752F984A87009F2025 /* AppetizerTabView.swift in Sources */,
				C125E4762F984A87009F2025 /* OrderView.swift in Sources */,
				C1C953D02F9C474A0046DB5F /* AccountViewModel.swift in Sources */,
				C1C953CE2F9C3E950046DB5F /* XDismissButton.swift in Sources */,
				C1E2E4C72F9D5B2F005D573F /* User.swift in Sources */,
			);
			runOnlyForDeploymentPostprocessing = 0;
		};
/* End PBXSourcesBuildPhase section */

/* Begin XCBuildConfiguration section */
		C125E45E2F984944009F2025 /* Debug */ = {
			isa = XCBuildConfiguration;
			buildSettings = {
				ALWAYS_SEARCH_USER_PATHS = NO;
				ASSETCATALOG_COMPILER_GENERATE_SWIFT_ASSET_SYMBOL_EXTENSIONS = YES;
				CLANG_ANALYZER_NONNULL = YES;
				CLANG_ANALYZER_NUMBER_OBJECT_CONVERSION = YES_AGGRESSIVE;
				CLANG_CXX_LANGUAGE_STANDARD = "gnu++20";
				CLANG_ENABLE_MODULES = YES;
				CLANG_ENABLE_OBJC_ARC = YES;
				CLANG_ENABLE_OBJC_WEAK = YES;
				CLANG_WARN_BLOCK_CAPTURE_AUTORELEASING = YES;
				CLANG_WARN_BOOL_CONVERSION = YES;
				CLANG_WARN_COMMA = YES;
				CLANG_WARN_CONSTANT_CONVERSION = YES;
				CLANG_WARN_DEPRECATED_OBJC_IMPLEMENTATIONS = YES;
				CLANG_WARN_DIRECT_OBJC_ISA_USAGE = YES_ERROR;
				CLANG_WARN_DOCUMENTATION_COMMENTS = YES;
				CLANG_WARN_EMPTY_BODY = YES;
				CLANG_WARN_ENUM_CONVERSION = YES;
				CLANG_WARN_INFINITE_RECURSION = YES;
				CLANG_WARN_INT_CONVERSION = YES;
				CLANG_WARN_NON_LITERAL_NULL_CONVERSION = YES;
				CLANG_WARN_OBJC_IMPLICIT_RETAIN_SELF = YES;
				CLANG_WARN_OBJC_LITERAL_CONVERSION = YES;
				CLANG_WARN_OBJC_ROOT_CLASS = YES_ERROR;
				CLANG_WARN_QUOTED_INCLUDE_IN_FRAMEWORK_HEADER = YES;
				CLANG_WARN_RANGE_LOOP_ANALYSIS = YES;
				CLANG_WARN_STRICT_PROTOTYPES = YES;
				CLANG_WARN_SUSPICIOUS_MOVE = YES;
				CLANG_WARN_UNGUARDED_AVAILABILITY = YES_AGGRESSIVE;
				CLANG_WARN_UNREACHABLE_CODE = YES;
				CLANG_WARN__DUPLICATE_METHOD_MATCH = YES;
				COPY_PHASE_STRIP = NO;
				DEBUG_INFORMATION_FORMAT = dwarf;
				DEVELOPMENT_TEAM = 232C7N3DDY;
				ENABLE_STRICT_OBJC_MSGSEND = YES;
				ENABLE_TESTABILITY = YES;
				ENABLE_USER_SCRIPT_SANDBOXING = YES;
				GCC_C_LANGUAGE_STANDARD = gnu17;
				GCC_DYNAMIC_NO_PIC = NO;
				GCC_NO_COMMON_BLOCKS = YES;
				GCC_OPTIMIZATION_LEVEL = 0;
				GCC_PREPROCESSOR_DEFINITIONS = (
					"DEBUG=1",
					"$(inherited)",
				);
				GCC_WARN_64_TO_32_BIT_CONVERSION = YES;
				GCC_WARN_ABOUT_RETURN_TYPE = YES_ERROR;
				GCC_WARN_UNDECLARED_SELECTOR = YES;
				GCC_WARN_UNINITIALIZED_AUTOS = YES_AGGRESSIVE;
				GCC_WARN_UNUSED_FUNCTION = YES;
				GCC_WARN_UNUSED_VARIABLE = YES;
				IPHONEOS_DEPLOYMENT_TARGET = 26.2;
				LOCALIZATION_PREFERS_STRING_CATALOGS = YES;
				MTL_ENABLE_DEBUG_INFO = INCLUDE_SOURCE;
				MTL_FAST_MATH = YES;
				ONLY_ACTIVE_ARCH = YES;
				SDKROOT = iphoneos;
				SWIFT_ACTIVE_COMPILATION_CONDITIONS = "DEBUG $(inherited)";
				SWIFT_OPTIMIZATION_LEVEL = "-Onone";
			};
			name = Debug;
		};
		C125E45F2F984944009F2025 /* Release */ = {
			isa = XCBuildConfiguration;
			buildSettings = {
				ALWAYS_SEARCH_USER_PATHS = NO;
				ASSETCATALOG_COMPILER_GENERATE_SWIFT_ASSET_SYMBOL_EXTENSIONS = YES;
				CLANG_ANALYZER_NONNULL = YES;
				CLANG_ANALYZER_NUMBER_OBJECT_CONVERSION = YES_AGGRESSIVE;
				CLANG_CXX_LANGUAGE_STANDARD = "gnu++20";
				CLANG_ENABLE_MODULES = YES;
				CLANG_ENABLE_OBJC_ARC = YES;
				CLANG_ENABLE_OBJC_WEAK = YES;
				CLANG_WARN_BLOCK_CAPTURE_AUTORELEASING = YES;
				CLANG_WARN_BOOL_CONVERSION = YES;
				CLANG_WARN_COMMA = YES;
				CLANG_WARN_CONSTANT_CONVERSION = YES;
				CLANG_WARN_DEPRECATED_OBJC_IMPLEMENTATIONS = YES;
				CLANG_WARN_DIRECT_OBJC_ISA_USAGE = YES_ERROR;
				CLANG_WARN_DOCUMENTATION_COMMENTS = YES;
				CLANG_WARN_EMPTY_BODY = YES;
				CLANG_WARN_ENUM_CONVERSION = YES;
				CLANG_WARN_INFINITE_RECURSION = YES;
				CLANG_WARN_INT_CONVERSION = YES;
				CLANG_WARN_NON_LITERAL_NULL_CONVERSION = YES;
				CLANG_WARN_OBJC_IMPLICIT_RETAIN_SELF = YES;
				CLANG_WARN_OBJC_LITERAL_CONVERSION = YES;
				CLANG_WARN_OBJC_ROOT_CLASS = YES_ERROR;
				CLANG_WARN_QUOTED_INCLUDE_IN_FRAMEWORK_HEADER = YES;
				CLANG_WARN_RANGE_LOOP_ANALYSIS = YES;
				CLANG_WARN_STRICT_PROTOTYPES = YES;
				CLANG_WARN_SUSPICIOUS_MOVE = YES;
				CLANG_WARN_UNGUARDED_AVAILABILITY = YES_AGGRESSIVE;
				CLANG_WARN_UNREACHABLE_CODE = YES;
				CLANG_WARN__DUPLICATE_METHOD_MATCH = YES;
				COPY_PHASE_STRIP = NO;
				DEBUG_INFORMATION_FORMAT = "dwarf-with-dsym";
				DEVELOPMENT_TEAM = 232C7N3DDY;
				ENABLE_NS_ASSERTIONS = NO;
				ENABLE_STRICT_OBJC_MSGSEND = YES;
				ENABLE_USER_SCRIPT_SANDBOXING = YES;
				GCC_C_LANGUAGE_STANDARD = gnu17;
				GCC_NO_COMMON_BLOCKS = YES;
				GCC_WARN_64_TO_32_BIT_CONVERSION = YES;
				GCC_WARN_ABOUT_RETURN_TYPE = YES_ERROR;
				GCC_WARN_UNDECLARED_SELECTOR = YES;
				GCC_WARN_UNINITIALIZED_AUTOS = YES_AGGRESSIVE;
				GCC_WARN_UNUSED_FUNCTION = YES;
				GCC_WARN_UNUSED_VARIABLE = YES;
				IPHONEOS_DEPLOYMENT_TARGET = 26.2;
				LOCALIZATION_PREFERS_STRING_CATALOGS = YES;
				MTL_ENABLE_DEBUG_INFO = NO;
				MTL_FAST_MATH = YES;
				SDKROOT = iphoneos;
				SWIFT_COMPILATION_MODE = wholemodule;
				VALIDATE_PRODUCT = YES;
			};
			name = Release;
		};
		C125E4612F984944009F2025 /* Debug */ = {
			isa = XCBuildConfiguration;
			buildSettings = {
				ASSETCATALOG_COMPILER_APPICON_NAME = AppIcon;
				ASSETCATALOG_COMPILER_GLOBAL_ACCENT_COLOR_NAME = AccentColor;
				CODE_SIGN_STYLE = Automatic;
				CURRENT_PROJECT_VERSION = 1;
				DEVELOPMENT_TEAM = 232C7N3DDY;
				ENABLE_PREVIEWS = YES;
				GENERATE_INFOPLIST_FILE = YES;
				INFOPLIST_KEY_UIApplicationSceneManifest_Generation = YES;
				INFOPLIST_KEY_UIApplicationSupportsIndirectInputEvents = YES;
				INFOPLIST_KEY_UILaunchScreen_Generation = YES;
				INFOPLIST_KEY_UISupportedInterfaceOrientations_iPad = "UIInterfaceOrientationPortrait UIInterfaceOrientationPortraitUpsideDown UIInterfaceOrientationLandscapeLeft UIInterfaceOrientationLandscapeRight";
				INFOPLIST_KEY_UISupportedInterfaceOrientations_iPhone = "UIInterfaceOrientationPortrait UIInterfaceOrientationLandscapeLeft UIInterfaceOrientationLandscapeRight";
				IPHONEOS_DEPLOYMENT_TARGET = 17;
				LD_RUNPATH_SEARCH_PATHS = (
					"$(inherited)",
					"@executable_path/Frameworks",
				);
				MARKETING_VERSION = 1.0;
				PRODUCT_BUNDLE_IDENTIFIER = com.Appetizers;
				PRODUCT_NAME = "$(TARGET_NAME)";
				STRING_CATALOG_GENERATE_SYMBOLS = YES;
				SWIFT_APPROACHABLE_CONCURRENCY = YES;
				SWIFT_DEFAULT_ACTOR_ISOLATION = MainActor;
				SWIFT_EMIT_LOC_STRINGS = YES;
				SWIFT_UPCOMING_FEATURE_MEMBER_IMPORT_VISIBILITY = YES;
				SWIFT_VERSION = 5.0;
				TARGETED_DEVICE_FAMILY = "1,2";
			};
			name = Debug;
		};
		C125E4622F984944009F2025 /* Release */ = {
			isa = XCBuildConfiguration;
			buildSettings = {
				ASSETCATALOG_COMPILER_APPICON_NAME = AppIcon;
				ASSETCATALOG_COMPILER_GLOBAL_ACCENT_COLOR_NAME = AccentColor;
				CODE_SIGN_STYLE = Automatic;
				CURRENT_PROJECT_VERSION = 1;
				DEVELOPMENT_TEAM = 232C7N3DDY;
				ENABLE_PREVIEWS = YES;
				GENERATE_INFOPLIST_FILE = YES;
				INFOPLIST_KEY_UIApplicationSceneManifest_Generation = YES;
				INFOPLIST_KEY_UIApplicationSupportsIndirectInputEvents = YES;
				INFOPLIST_KEY_UILaunchScreen_Generation = YES;
				INFOPLIST_KEY_UISupportedInterfaceOrientations_iPad = "UIInterfaceOrientationPortrait UIInterfaceOrientationPortraitUpsideDown UIInterfaceOrientationLandscapeLeft UIInterfaceOrientationLandscapeRight";
				INFOPLIST_KEY_UISupportedInterfaceOrientations_iPhone = "UIInterfaceOrientationPortrait UIInterfaceOrientationLandscapeLeft UIInterfaceOrientationLandscapeRight";
				IPHONEOS_DEPLOYMENT_TARGET = 17;
				LD_RUNPATH_SEARCH_PATHS = (
					"$(inherited)",
					"@executable_path/Frameworks",
				);
				MARKETING_VERSION = 1.0;
				PRODUCT_BUNDLE_IDENTIFIER = com.Appetizers;
				PRODUCT_NAME = "$(TARGET_NAME)";
				STRING_CATALOG_GENERATE_SYMBOLS = YES;
				SWIFT_APPROACHABLE_CONCURRENCY = YES;
				SWIFT_DEFAULT_ACTOR_ISOLATION = MainActor;
				SWIFT_EMIT_LOC_STRINGS = YES;
				SWIFT_UPCOMING_FEATURE_MEMBER_IMPORT_VISIBILITY = YES;
				SWIFT_VERSION = 5.0;
				TARGETED_DEVICE_FAMILY = "1,2";
			};
			name = Release;
		};
/* End XCBuildConfiguration section */

/* Begin XCConfigurationList section */
		C125E4502F984943009F2025 /* Build configuration list for PBXProject "Appetizers" */ = {
			isa = XCConfigurationList;
			buildConfigurations = (
				C125E45E2F984944009F2025 /* Debug */,
				C125E45F2F984944009F2025 /* Release */,
			);
			defaultConfigurationIsVisible = 0;
			defaultConfigurationName = Release;
		};
		C125E4602F984944009F2025 /* Build configuration list for PBXNativeTarget "Appetizers" */ = {
			isa = XCConfigurationList;
			buildConfigurations = (
				C125E4612F984944009F2025 /* Debug */,
				C125E4622F984944009F2025 /* Release */,
			);
			defaultConfigurationIsVisible = 0;
			defaultConfigurationName = Release;
		};
/* End XCConfigurationList section */
	};
	rootObject = C125E44D2F984943009F2025 /* Project object */;
}
